<?xml version="1.0" encoding="utf-8"?>
<Project ToolsVersion="4.0" xmlns="http://schemas.microsoft.com/developer/msbuild/2003">
  <ItemGroup>
    <Filter Include="src">
      <UniqueIdentifier>{2DAB880B-99B4-887C-2230-9F7C8E38947C}</UniqueIdentifier>
    </Filter>
    <Filter Include="src\CHazel">
      <UniqueIdentifier>{93A9D506-7F61-1754-E868-F0AFD43FB244}</UniqueIdentifier>
    </Filter>
    <Filter Include="src\CHazel\Events">
      <UniqueIdentifier>{17720050-8388-FEE5-CCFF-89073855CF6D}</UniqueIdentifier>
    </Filter>
    <Filter Include="src\CHazel\ImGui">
      <UniqueIdentifier>{FDC069EB-E9B9-883D-12EC-6DC2FE436849}</UniqueIdentifier>
    </Filter>
    <Filter Include="src\Platform">
      <UniqueIdentifier>{21CA02E5-0D2D-9289-B6B2-CA3FA2F45D0C}</UniqueIdentifier>
    </Filter>
    <Filter Include="src\Platform\OpenGL">
      <UniqueIdentifier>{35A49437-A105-7245-2A73-B8F796D3A804}</UniqueIdentifier>
    </Filter>
    <Filter Include="src\Platform\Windows">
      <UniqueIdentifier>{5B054582-4794-CE4B-F0B2-E246DC20DFF1}</UniqueIdentifier>
    </Filter>
    <Filter Include="vendor">
      <UniqueIdentifier>{B3738122-9F15-ACF8-88D0-BF4C74113349}</UniqueIdentifier>
    </Filter>
    <Filter Include="vendor\glm">
      <UniqueIdentifier>{829FC5A8-6E57-07F6-D75E-E051C335A2E6}</UniqueIdentifier>
    </Filter>
    <Filter Include="vendor\glm\glm">
      <UniqueIdentifier>{D11AC9C9-BDE8-BCCF-A67C-2DF692E99834}</UniqueIdentifier>
    </Filter>
    <Filter Include="vendor\glm\glm\detail">
      <UniqueIdentifier>{739DA071-DF09-5C6C-A8FD-F3C914297ED4}</UniqueIdentifier>
    </Filter>
    <Filter Include="vendor\glm\glm\ext">
      <UniqueIdentifier>{B19EA76B-9D82-68C1-06E3-6214F2E55243}</UniqueIdentifier>
    </Filter>
    <Filter Include="vendor\glm\glm\gtc">
      <UniqueIdentifier>{9EA6A76B-8A8A-68C1-F3EA-6214DFED5243}</UniqueIdentifier>
    </Filter>
    <Filter Include="vendor\glm\glm\gtx">
      <UniqueIdentifier>{B3A6A76B-9F8A-68C1-08EB-6214F4ED5243}</UniqueIdentifier>
    </Filter>
  </ItemGroup>
  <ItemGroup>
    <ClInclude Include="src\CHazel.h">
      <Filter>src</Filter>
    </ClInclude>
    <ClInclude Include="src\CHazel\Application.h">
      <Filter>src\CHazel</Filter>
    </ClInclude>
    <ClInclude Include="src\CHazel\Core.h">
      <Filter>src\CHazel</Filter>
    </ClInclude>
    <ClInclude Include="src\CHazel\EntryPoint.h">
      <Filter>src\CHazel</Filter>
    </ClInclude>
    <ClInclude Include="src\CHazel\Events\ApplicationEvent.h">
      <Filter>src\CHazel\Events</Filter>
    </ClInclude>
    <ClInclude Include="src\CHazel\Events\Event.h">
      <Filter>src\CHazel\Events</Filter>
    </ClInclude>
    <ClInclude Include="src\CHazel\Events\KeyEvent.h">
      <Filter>src\CHazel\Events</Filter>
    </ClInclude>
    <ClInclude Include="src\CHazel\Events\MouseEvent.h">
      <Filter>src\CHazel\Events</Filter>
    </ClInclude>
    <ClInclude Include="src\CHazel\ImGui\ImGuiLayer.h">
      <Filter>src\CHazel\ImGui</Filter>
    </ClInclude>
    <ClInclude Include="src\CHazel\Input.h">
      <Filter>src\CHazel</Filter>
    </ClInclude>
    <ClInclude Include="src\CHazel\KeyCodes.h">
      <Filter>src\CHazel</Filter>
    </ClInclude>
    <ClInclude Include="src\CHazel\Layer.h">
      <Filter>src\CHazel</Filter>
    </ClInclude>
    <ClInclude Include="src\CHazel\LayerStack.h">
      <Filter>src\CHazel</Filter>
    </ClInclude>
    <ClInclude Include="src\CHazel\Log.h">
      <Filter>src\CHazel</Filter>
    </ClInclude>
    <ClInclude Include="src\CHazel\MouseButtonCodes.h">
      <Filter>src\CHazel</Filter>
    </ClInclude>
    <ClInclude Include="src\CHazel\Window.h">
      <Filter>src\CHazel</Filter>
    </ClInclude>
    <ClInclude Include="src\Platform\Windows\WindowsImput.h">
      <Filter>src\Platform\Windows</Filter>
    </ClInclude>
    <ClInclude Include="src\Platform\Windows\WindowsWindow.h">
      <Filter>src\Platform\Windows</Filter>
    </ClInclude>
    <ClInclude Include="src\chzpch.h">
      <Filter>src</Filter>
    </ClInclude>
    <ClInclude Include="src\CHazel\Renderer\GraphicsContext.h" />
    <ClInclude Include="src\Platform\OpenGL\OpenGLContext.h" />
    <ClInclude Include="src\CHazel\Renderer\Shader.h" />
    <ClInclude Include="src\CHazel\Renderer\Buffer.h" />
    <ClInclude Include="src\CHazel\Renderer\Renderer.h" />
    <ClInclude Include="src\Platform\OpenGL\OpenGLBuffer.h" />
    <ClInclude Include="src\CHazel\Renderer\VertexArray.h" />
    <ClInclude Include="src\Platform\OpenGL\OpenGLVertexArray.h" />
    <ClInclude Include="src\CHazel\Renderer\RendererAPI.h" />
    <ClInclude Include="src\Platform\OpenGL\OpenGLRendererAPI.h" />
    <ClInclude Include="src\CHazel\Renderer\RendererCommand.h" />
    <ClInclude Include="src\CHazel\Renderer\OrthographicCameca.h" />
    <ClInclude Include="src\CHazel\Core\Timestep.h" />
    <ClInclude Include="src\Platform\OpenGL\OpenGLShader.h" />
  </ItemGroup>
  <ItemGroup>
    <ClCompile Include="src\CHazel\Application.cpp">
      <Filter>src\CHazel</Filter>
    </ClCompile>
    <ClCompile Include="src\CHazel\ImGui\ImGuiBuild.cpp">
      <Filter>src\CHazel\ImGui</Filter>
    </ClCompile>
    <ClCompile Include="src\CHazel\ImGui\ImGuiLayer.cpp">
      <Filter>src\CHazel\ImGui</Filter>
    </ClCompile>
    <ClCompile Include="src\CHazel\Layer.cpp">
      <Filter>src\CHazel</Filter>
    </ClCompile>
    <ClCompile Include="src\CHazel\LayerStack.cpp">
      <Filter>src\CHazel</Filter>
    </ClCompile>
    <ClCompile Include="src\CHazel\Log.cpp">
      <Filter>src\CHazel</Filter>
    </ClCompile>
    <ClCompile Include="src\Platform\Windows\WindowsInput.cpp">
      <Filter>src\Platform\Windows</Filter>
    </ClCompile>
    <ClCompile Include="src\Platform\Windows\WindowsWindow.cpp">
      <Filter>src\Platform\Windows</Filter>
    </ClCompile>
    <ClCompile Include="src\chzpch.cpp">
      <Filter>src</Filter>
    </ClCompile>
    <ClCompile Include="src\Platform\OpenGL\OpenGLContext.cpp" />
    <ClCompile Include="src\CHazel\Renderer\Shader.cpp" />
    <ClCompile Include="src\CHazel\Renderer\Buffer.cpp" />
    <ClCompile Include="src\CHazel\Renderer\Renderer.cpp" />
    <ClCompile Include="src\Platform\OpenGL\OpenGLBuffer.cpp" />
    <ClCompile Include="src\CHazel\Renderer\VertexArray.cpp" />
    <ClCompile Include="src\Platform\OpenGL\OpenGLVertexArray.cpp" />
    <ClCompile Include="src\CHazel\Renderer\RendererAPI.cpp" />
    <ClCompile Include="src\Platform\OpenGL\OpenGLRendererAPI.cpp" />
    <ClCompile Include="src\CHazel\Renderer\RendererCommand.cpp" />
    <ClCompile Include="src\CHazel\Renderer\OrthographicCameca.cpp" />
    <ClCompile Include="src\Platform\OpenGL\OpenGLShader.cpp" />
  </ItemGroup>
</Project>