<?xml version="1.0" encoding="utf-8"?>
<Project ToolsVersion="4.0" xmlns="http://schemas.microsoft.com/developer/msbuild/2003">
  <ItemGroup>
    <Filter Include="CHazel">
      <UniqueIdentifier>{5CD076A9-4872-A17F-312D-B5D31D6E28D0}</UniqueIdentifier>
    </Filter>
    <Filter Include="CHazel\Events">
      <UniqueIdentifier>{C0FCCAD8-2CBD-460F-F5F7-8F8C61778BEB}</UniqueIdentifier>
    </Filter>
    <Filter Include="CHazel\ImGui">
      <UniqueIdentifier>{861A49D8-727D-D87C-1B03-11330745A4FF}</UniqueIdentifier>
    </Filter>
    <Filter Include="Platform">
      <UniqueIdentifier>{2AC788B4-1694-E3BF-3FAD-D1672BD9184E}</UniqueIdentifier>
    </Filter>
    <Filter Include="Platform\OpenGL">
      <UniqueIdentifier>{1E7D2C1D-8A08-9AE1-9319-1DD6FF23F6E1}</UniqueIdentifier>
    </Filter>
    <Filter Include="Platform\Windows">
      <UniqueIdentifier>{64FBD71A-50F4-F66C-7926-DCF1657ED678}</UniqueIdentifier>
    </Filter>
  </ItemGroup>
  <ItemGroup>
    <ClInclude Include="src\CHazel.h" />
    <ClInclude Include="src\CHazel\Application.h">
      <Filter>CHazel</Filter>
    </ClInclude>
    <ClInclude Include="src\CHazel\Core.h">
      <Filter>CHazel</Filter>
    </ClInclude>
    <ClInclude Include="src\CHazel\EntryPoint.h">
      <Filter>CHazel</Filter>
    </ClInclude>
    <ClInclude Include="src\CHazel\Events\ApplicationEvent.h">
      <Filter>CHazel\Events</Filter>
    </ClInclude>
    <ClInclude Include="src\CHazel\Events\Event.h">
      <Filter>CHazel\Events</Filter>
    </ClInclude>
    <ClInclude Include="src\CHazel\Events\KeyEvent.h">
      <Filter>CHazel\Events</Filter>
    </ClInclude>
    <ClInclude Include="src\CHazel\Events\MouseEvent.h">
      <Filter>CHazel\Events</Filter>
    </ClInclude>
    <ClInclude Include="src\CHazel\ImGui\ImGuiLayer.h">
      <Filter>CHazel\ImGui</Filter>
    </ClInclude>
    <ClInclude Include="src\CHazel\Layer.h">
      <Filter>CHazel</Filter>
    </ClInclude>
    <ClInclude Include="src\CHazel\LayerStack.h">
      <Filter>CHazel</Filter>
    </ClInclude>
    <ClInclude Include="src\CHazel\Log.h">
      <Filter>CHazel</Filter>
    </ClInclude>
    <ClInclude Include="src\CHazel\Window.h">
      <Filter>CHazel</Filter>
    </ClInclude>
    <ClInclude Include="src\Platform\OpenGL\ImGuiOpenGLRenderer.h">
      <Filter>Platform\OpenGL</Filter>
    </ClInclude>
    <ClInclude Include="src\Platform\OpenGL\imgui_impl_opengl3_loader.h">
      <Filter>Platform\OpenGL</Filter>
    </ClInclude>
    <ClInclude Include="src\Platform\Windows\WindowsWindow.h">
      <Filter>Platform\Windows</Filter>
    </ClInclude>
    <ClInclude Include="src\chzpch.h" />
    <ClInclude Include="src\CHazel\Input.h" />
    <ClInclude Include="src\Platform\Windows\WindowsImput.h" />
  </ItemGroup>
  <ItemGroup>
    <ClCompile Include="src\CHazel\Application.cpp">
      <Filter>CHazel</Filter>
    </ClCompile>
    <ClCompile Include="src\CHazel\ImGui\ImGuiLayer.cpp">
      <Filter>CHazel\ImGui</Filter>
    </ClCompile>
    <ClCompile Include="src\CHazel\Layer.cpp">
      <Filter>CHazel</Filter>
    </ClCompile>
    <ClCompile Include="src\CHazel\LayerStack.cpp">
      <Filter>CHazel</Filter>
    </ClCompile>
    <ClCompile Include="src\CHazel\Log.cpp">
      <Filter>CHazel</Filter>
    </ClCompile>
    <ClCompile Include="src\Platform\OpenGL\ImGuiOpenGLRenderer.cpp">
      <Filter>Platform\OpenGL</Filter>
    </ClCompile>
    <ClCompile Include="src\Platform\Windows\WindowsWindow.cpp">
      <Filter>Platform\Windows</Filter>
    </ClCompile>
    <ClCompile Include="src\chzpch.cpp" />
    <ClCompile Include="src\Platform\Windows\WindowsInput.cpp" />
  </ItemGroup>
</Project>