<?xml version="1.0" encoding="utf-8"?>
<Project ToolsVersion="4.0" xmlns="http://schemas.microsoft.com/developer/msbuild/2003">
  <ItemGroup>
    <Filter Include="CHazel">
      <UniqueIdentifier>{5CD076A9-4872-A17F-312D-B5D31D6E28D0}</UniqueIdentifier>
    </Filter>
  </ItemGroup>
  <ItemGroup>
    <ClInclude Include="src\CHazel.h" />
    <ClInclude Include="src\CHazel\Application.h">
      <Filter>CHazel</Filter>
    </ClInclude>
    <ClInclude Include="src\CHazel\Core.h">
      <Filter>CHazel</Filter>
    </ClInclude>
    <ClInclude Include="src\CHazel\EntryPoint.h">
      <Filter>CHazel</Filter>
    </ClInclude>
    <ClInclude Include="src\CHazel\Log.h">
      <Filter>CHazel</Filter>
    </ClInclude>
  </ItemGroup>
  <ItemGroup>
    <ClCompile Include="src\CHazel\Application.cpp">
      <Filter>CHazel</Filter>
    </ClCompile>
    <ClCompile Include="src\CHazel\Log.cpp">
      <Filter>CHazel</Filter>
    </ClCompile>
  </ItemGroup>
</Project>